
Microsoft Visual Studio Solution File, Format Version 12.00
# Visual Studio Version 17
VisualStudioVersion = 17.9.34723.18
MinimumVisualStudioVersion = 10.0.40219.1
Project("{FAE04EC0-301F-11D3-BF4B-00C04F79EFBC}") = "JwtAuthentication", "JwtAuthentication.csproj", "{059BCB85-9969-47FA-AB5D-F10D9C1A3FD6}"
EndProject
Global
	GlobalSection(SolutionConfigurationPlatforms) = preSolution
		Debug|Any CPU = Debug|Any CPU
		Release|Any CPU = Release|Any CPU
	EndGlobalSection
	GlobalSection(ProjectConfigurationPlatforms) = postSolution
		{059BCB85-9969-47FA-AB5D-F10D9C1A3FD6}.Debug|Any CPU.ActiveCfg = Debug|Any CPU
		{059BCB85-9969-47FA-AB5D-F10D9C1A3FD6}.Debug|Any CPU.Build.0 = Debug|Any CPU
		{059BCB85-9969-47FA-AB5D-F10D9C1A3FD6}.Release|Any CPU.ActiveCfg = Release|Any CPU
		{059BCB85-9969-47FA-AB5D-F10D9C1A3FD6}.Release|Any CPU.Build.0 = Release|Any CPU
	EndGlobalSection
	GlobalSection(SolutionProperties) = preSolution
		HideSolutionNode = FALSE
	EndGlobalSection
	GlobalSection(ExtensibilityGlobals) = postSolution
		SolutionGuid = {8E37B5B7-CE08-4BF5-9D89-FECF6E58A354}
	EndGlobalSection
EndGlobal
